
Microsoft Visual Studio Solution File, Format Version 12.00
# Visual Studio Version 17
VisualStudioVersion = 17.6.33815.320
MinimumVisualStudioVersion = 10.0.40219.1
Project("{FAE04EC0-301F-11D3-BF4B-00C04F79EFBC}") = "ZRadeon", "ZRadeon\ZRadeon.csproj", "{04D0AA5A-B253-4C5C-8DFE-4D294F169BCA}"
EndProject
Global
	GlobalSection(SolutionConfigurationPlatforms) = preSolution
		Debug|Any CPU = Debug|Any CPU
		Release|Any CPU = Release|Any CPU
	EndGlobalSection
	GlobalSection(ProjectConfigurationPlatforms) = postSolution
		{04D0AA5A-B253-4C5C-8DFE-4D294F169BCA}.Debug|Any CPU.ActiveCfg = Debug|Any CPU
		{04D0AA5A-B253-4C5C-8DFE-4D294F169BCA}.Debug|Any CPU.Build.0 = Debug|Any CPU
		{04D0AA5A-B253-4C5C-8DFE-4D294F169BCA}.Release|Any CPU.ActiveCfg = Release|Any CPU
		{04D0AA5A-B253-4C5C-8DFE-4D294F169BCA}.Release|Any CPU.Build.0 = Release|Any CPU
	EndGlobalSection
	GlobalSection(SolutionProperties) = preSolution
		HideSolutionNode = FALSE
	EndGlobalSection
	GlobalSection(ExtensibilityGlobals) = postSolution
		SolutionGuid = {28A1CBD3-FC15-4F8B-B43B-0E58DBBC9F80}
	EndGlobalSection
EndGlobal
